
Microsoft Visual Studio Solution File, Format Version 12.00
# Visual Studio 15
VisualStudioVersion = 15.0.28010.2003
MinimumVisualStudioVersion = 10.0.40219.1
Project("{FAE04EC0-301F-11D3-BF4B-00C04F79EFBC}") = "OiMundo", "OiMundo\OiMundo.csproj", "{0C57FA0F-8456-47BC-BF43-674ABC9409B8}"
EndProject
Global
	GlobalSection(SolutionConfigurationPlatforms) = preSolution
		Debug|Any CPU = Debug|Any CPU
		Release|Any CPU = Release|Any CPU
	EndGlobalSection
	GlobalSection(ProjectConfigurationPlatforms) = postSolution
		{0C57FA0F-8456-47BC-BF43-674ABC9409B8}.Debug|Any CPU.ActiveCfg = Debug|Any CPU
		{0C57FA0F-8456-47BC-BF43-674ABC9409B8}.Debug|Any CPU.Build.0 = Debug|Any CPU
		{0C57FA0F-8456-47BC-BF43-674ABC9409B8}.Release|Any CPU.ActiveCfg = Release|Any CPU
		{0C57FA0F-8456-47BC-BF43-674ABC9409B8}.Release|Any CPU.Build.0 = Release|Any CPU
	EndGlobalSection
	GlobalSection(SolutionProperties) = preSolution
		HideSolutionNode = FALSE
	EndGlobalSection
	GlobalSection(ExtensibilityGlobals) = postSolution
		SolutionGuid = {A2140931-3685-433A-9B46-42EC7A9F4EE6}
	EndGlobalSection
EndGlobal
