
Microsoft Visual Studio Solution File, Format Version 12.00
# Visual Studio 15
VisualStudioVersion = 15.0.28010.2003
MinimumVisualStudioVersion = 10.0.40219.1
Project("{FAE04EC0-301F-11D3-BF4B-00C04F79EFBC}") = "Advinhacao", "Advinhacao\Advinhacao.csproj", "{C1240BAA-15CF-42FB-80D3-FE23AC9E3C75}"
EndProject
Global
	GlobalSection(SolutionConfigurationPlatforms) = preSolution
		Debug|Any CPU = Debug|Any CPU
		Release|Any CPU = Release|Any CPU
	EndGlobalSection
	GlobalSection(ProjectConfigurationPlatforms) = postSolution
		{C1240BAA-15CF-42FB-80D3-FE23AC9E3C75}.Debug|Any CPU.ActiveCfg = Debug|Any CPU
		{C1240BAA-15CF-42FB-80D3-FE23AC9E3C75}.Debug|Any CPU.Build.0 = Debug|Any CPU
		{C1240BAA-15CF-42FB-80D3-FE23AC9E3C75}.Release|Any CPU.ActiveCfg = Release|Any CPU
		{C1240BAA-15CF-42FB-80D3-FE23AC9E3C75}.Release|Any CPU.Build.0 = Release|Any CPU
	EndGlobalSection
	GlobalSection(SolutionProperties) = preSolution
		HideSolutionNode = FALSE
	EndGlobalSection
	GlobalSection(ExtensibilityGlobals) = postSolution
		SolutionGuid = {225D670C-CD31-4520-BE53-162D2D48BF31}
	EndGlobalSection
EndGlobal
