
Microsoft Visual Studio Solution File, Format Version 12.00
# Visual Studio Version 17
VisualStudioVersion = 17.5.33424.131
MinimumVisualStudioVersion = 10.0.40219.1
Project("{FAE04EC0-301F-11D3-BF4B-00C04F79EFBC}") = "TrocaValores", "TrocaValores\TrocaValores.csproj", "{E4248599-4A84-4203-A5A7-EA3E0777974E}"
EndProject
Global
	GlobalSection(SolutionConfigurationPlatforms) = preSolution
		Debug|Any CPU = Debug|Any CPU
		Release|Any CPU = Release|Any CPU
	EndGlobalSection
	GlobalSection(ProjectConfigurationPlatforms) = postSolution
		{E4248599-4A84-4203-A5A7-EA3E0777974E}.Debug|Any CPU.ActiveCfg = Debug|Any CPU
		{E4248599-4A84-4203-A5A7-EA3E0777974E}.Debug|Any CPU.Build.0 = Debug|Any CPU
		{E4248599-4A84-4203-A5A7-EA3E0777974E}.Release|Any CPU.ActiveCfg = Release|Any CPU
		{E4248599-4A84-4203-A5A7-EA3E0777974E}.Release|Any CPU.Build.0 = Release|Any CPU
	EndGlobalSection
	GlobalSection(SolutionProperties) = preSolution
		HideSolutionNode = FALSE
	EndGlobalSection
	GlobalSection(ExtensibilityGlobals) = postSolution
		SolutionGuid = {48588B46-379F-476C-ADED-25E49B9DAA57}
	EndGlobalSection
EndGlobal
