
Microsoft Visual Studio Solution File, Format Version 12.00
# Visual Studio 15
VisualStudioVersion = 15.0.28010.2003
MinimumVisualStudioVersion = 10.0.40219.1
Project("{FAE04EC0-301F-11D3-BF4B-00C04F79EFBC}") = "TrocaValores", "TrocaValores\TrocaValores.csproj", "{E4248599-4A84-4203-A5A7-EA3E0777974E}"
EndProject
Project("{FAE04EC0-301F-11D3-BF4B-00C04F79EFBC}") = "RestoDaDivisao", "RestoDaDivisao\RestoDaDivisao.csproj", "{18934B2E-1052-4DA2-9BF9-1FB204DBEC66}"
EndProject
Project("{FAE04EC0-301F-11D3-BF4B-00C04F79EFBC}") = "GastoEmRestaurante", "GastoEmRestaurante\GastoEmRestaurante.csproj", "{20845878-8CC1-424A-B87D-A01BFB016695}"
EndProject
Global
	GlobalSection(SolutionConfigurationPlatforms) = preSolution
		Debug|Any CPU = Debug|Any CPU
		Release|Any CPU = Release|Any CPU
	EndGlobalSection
	GlobalSection(ProjectConfigurationPlatforms) = postSolution
		{E4248599-4A84-4203-A5A7-EA3E0777974E}.Debug|Any CPU.ActiveCfg = Debug|Any CPU
		{E4248599-4A84-4203-A5A7-EA3E0777974E}.Debug|Any CPU.Build.0 = Debug|Any CPU
		{E4248599-4A84-4203-A5A7-EA3E0777974E}.Release|Any CPU.ActiveCfg = Release|Any CPU
		{E4248599-4A84-4203-A5A7-EA3E0777974E}.Release|Any CPU.Build.0 = Release|Any CPU
		{18934B2E-1052-4DA2-9BF9-1FB204DBEC66}.Debug|Any CPU.ActiveCfg = Debug|Any CPU
		{18934B2E-1052-4DA2-9BF9-1FB204DBEC66}.Debug|Any CPU.Build.0 = Debug|Any CPU
		{18934B2E-1052-4DA2-9BF9-1FB204DBEC66}.Release|Any CPU.ActiveCfg = Release|Any CPU
		{18934B2E-1052-4DA2-9BF9-1FB204DBEC66}.Release|Any CPU.Build.0 = Release|Any CPU
		{20845878-8CC1-424A-B87D-A01BFB016695}.Debug|Any CPU.ActiveCfg = Debug|Any CPU
		{20845878-8CC1-424A-B87D-A01BFB016695}.Debug|Any CPU.Build.0 = Debug|Any CPU
		{20845878-8CC1-424A-B87D-A01BFB016695}.Release|Any CPU.ActiveCfg = Release|Any CPU
		{20845878-8CC1-424A-B87D-A01BFB016695}.Release|Any CPU.Build.0 = Release|Any CPU
	EndGlobalSection
	GlobalSection(SolutionProperties) = preSolution
		HideSolutionNode = FALSE
	EndGlobalSection
	GlobalSection(ExtensibilityGlobals) = postSolution
		SolutionGuid = {48588B46-379F-476C-ADED-25E49B9DAA57}
	EndGlobalSection
EndGlobal
