
Microsoft Visual Studio Solution File, Format Version 12.00
# Visual Studio 15
VisualStudioVersion = 15.0.28010.2003
MinimumVisualStudioVersion = 10.0.40219.1
Project("{FAE04EC0-301F-11D3-BF4B-00C04F79EFBC}") = "Exercicio5", "Exercicio5\Exercicio5.csproj", "{82A812B5-AF02-4159-8F13-6EAF345C2A1A}"
EndProject
Global
	GlobalSection(SolutionConfigurationPlatforms) = preSolution
		Debug|Any CPU = Debug|Any CPU
		Release|Any CPU = Release|Any CPU
	EndGlobalSection
	GlobalSection(ProjectConfigurationPlatforms) = postSolution
		{82A812B5-AF02-4159-8F13-6EAF345C2A1A}.Debug|Any CPU.ActiveCfg = Debug|Any CPU
		{82A812B5-AF02-4159-8F13-6EAF345C2A1A}.Debug|Any CPU.Build.0 = Debug|Any CPU
		{82A812B5-AF02-4159-8F13-6EAF345C2A1A}.Release|Any CPU.ActiveCfg = Release|Any CPU
		{82A812B5-AF02-4159-8F13-6EAF345C2A1A}.Release|Any CPU.Build.0 = Release|Any CPU
	EndGlobalSection
	GlobalSection(SolutionProperties) = preSolution
		HideSolutionNode = FALSE
	EndGlobalSection
	GlobalSection(ExtensibilityGlobals) = postSolution
		SolutionGuid = {D920A950-E514-4108-9550-6E8AFC04CDE9}
	EndGlobalSection
EndGlobal
